
Microsoft Visual Studio Solution File, Format Version 12.00
# Visual Studio Version 16
VisualStudioVersion = 16.0.31424.327
MinimumVisualStudioVersion = 10.0.40219.1
Project("{FAE04EC0-301F-11D3-BF4B-00C04F79EFBC}") = "WPF_Traslate_Test", "WPF_Traslate_Test.csproj", "{03D3C19C-C7E9-42D3-A973-4571C15E44DB}"
EndProject
Global
	GlobalSection(SolutionConfigurationPlatforms) = preSolution
		Debug|Any CPU = Debug|Any CPU
		Release|Any CPU = Release|Any CPU
	EndGlobalSection
	GlobalSection(ProjectConfigurationPlatforms) = postSolution
		{03D3C19C-C7E9-42D3-A973-4571C15E44DB}.Debug|Any CPU.ActiveCfg = Debug|Any CPU
		{03D3C19C-C7E9-42D3-A973-4571C15E44DB}.Debug|Any CPU.Build.0 = Debug|Any CPU
		{03D3C19C-C7E9-42D3-A973-4571C15E44DB}.Release|Any CPU.ActiveCfg = Release|Any CPU
		{03D3C19C-C7E9-42D3-A973-4571C15E44DB}.Release|Any CPU.Build.0 = Release|Any CPU
	EndGlobalSection
	GlobalSection(SolutionProperties) = preSolution
		HideSolutionNode = FALSE
	EndGlobalSection
	GlobalSection(ExtensibilityGlobals) = postSolution
		SolutionGuid = {1A95894C-6DE8-47C6-91BF-33BB5164DED1}
	EndGlobalSection
EndGlobal
